
Microsoft Visual Studio Solution File, Format Version 12.00
# Visual Studio 15
VisualStudioVersion = 15.0.27703.2000
MinimumVisualStudioVersion = 10.0.40219.1
Project("{FAE04EC0-301F-11D3-BF4B-00C04F79EFBC}") = "POEDuplicateScanner", "POEDuplicateScanner.csproj", "{8CF01689-0F3A-4449-9D5F-8A3F13114DA1}"
EndProject
Global
	GlobalSection(SolutionConfigurationPlatforms) = preSolution
		Debug|Any CPU = Debug|Any CPU
		Release|Any CPU = Release|Any CPU
	EndGlobalSection
	GlobalSection(ProjectConfigurationPlatforms) = postSolution
		{8CF01689-0F3A-4449-9D5F-8A3F13114DA1}.Debug|Any CPU.ActiveCfg = Debug|Any CPU
		{8CF01689-0F3A-4449-9D5F-8A3F13114DA1}.Debug|Any CPU.Build.0 = Debug|Any CPU
		{8CF01689-0F3A-4449-9D5F-8A3F13114DA1}.Release|Any CPU.ActiveCfg = Release|Any CPU
		{8CF01689-0F3A-4449-9D5F-8A3F13114DA1}.Release|Any CPU.Build.0 = Release|Any CPU
	EndGlobalSection
	GlobalSection(SolutionProperties) = preSolution
		HideSolutionNode = FALSE
	EndGlobalSection
	GlobalSection(ExtensibilityGlobals) = postSolution
		SolutionGuid = {C46F1684-4C69-42EA-B00D-51233E2F7161}
	EndGlobalSection
EndGlobal
